
Microsoft Visual Studio Solution File, Format Version 12.00
# Visual Studio Version 16
VisualStudioVersion = 16.0.31624.102
MinimumVisualStudioVersion = 10.0.40219.1
Project("{FAE04EC0-301F-11D3-BF4B-00C04F79EFBC}") = "CylinderVolume", "CylinderVolume\CylinderVolume.csproj", "{8A61DEE0-9258-49C3-AF63-298C01101624}"
EndProject
Project("{FAE04EC0-301F-11D3-BF4B-00C04F79EFBC}") = "CylinderVolumeGeometry", "CylinderVolumeGeometry\CylinderVolumeGeometry.csproj", "{5CDE00F6-8CCB-4043-8A40-9921CE6A5C2D}"
EndProject
Global
	GlobalSection(SolutionConfigurationPlatforms) = preSolution
		Debug|Any CPU = Debug|Any CPU
		Release|Any CPU = Release|Any CPU
	EndGlobalSection
	GlobalSection(ProjectConfigurationPlatforms) = postSolution
		{8A61DEE0-9258-49C3-AF63-298C01101624}.Debug|Any CPU.ActiveCfg = Debug|Any CPU
		{8A61DEE0-9258-49C3-AF63-298C01101624}.Debug|Any CPU.Build.0 = Debug|Any CPU
		{8A61DEE0-9258-49C3-AF63-298C01101624}.Release|Any CPU.ActiveCfg = Release|Any CPU
		{8A61DEE0-9258-49C3-AF63-298C01101624}.Release|Any CPU.Build.0 = Release|Any CPU
		{5CDE00F6-8CCB-4043-8A40-9921CE6A5C2D}.Debug|Any CPU.ActiveCfg = Debug|Any CPU
		{5CDE00F6-8CCB-4043-8A40-9921CE6A5C2D}.Debug|Any CPU.Build.0 = Debug|Any CPU
		{5CDE00F6-8CCB-4043-8A40-9921CE6A5C2D}.Release|Any CPU.ActiveCfg = Release|Any CPU
		{5CDE00F6-8CCB-4043-8A40-9921CE6A5C2D}.Release|Any CPU.Build.0 = Release|Any CPU
	EndGlobalSection
	GlobalSection(SolutionProperties) = preSolution
		HideSolutionNode = FALSE
	EndGlobalSection
	GlobalSection(ExtensibilityGlobals) = postSolution
		SolutionGuid = {A5E5CA18-6D8D-483A-8891-36F12DBAABCC}
	EndGlobalSection
EndGlobal
